github.com/cpuguy83/go-md2man/v2 v2.0.6/go.mod h1:oOW0eioCTA6cOiMLiUPZOpcVxMig6NIQQ7OS05n1F4g=
github.com/google/go-cmp v0.6.0 h1:ofyhxvXcZhMsU5ulbFiLKl/XBFqE1GSq7atu8tAmTRI=
github.com/google/go-cmp v0.6.0/go.mod h1:17dUlkBOakJ0+DkrSSNjCkIjxS6bF9zb3elmeNGIjoY=
github.com/inconshreveable/mousetrap v1.1.0 h1:wN+x4NVGpMsO7ErUn/mUI3vEoE6Jt13X2s0bqwp9tc8=
github.com/inconshreveable/mousetrap v1.1.0/go.mod h1:vpF70FUmC8bwa3OWnCshd2FqLfsEA9PFc4w1p2J65bw=
github.com/russross/blackfriday/v2 v2.1.0/go.mod h1:+Rmxgy9KzJVeS9/2gXHxylqXiyQDYRxCVz55jmeOWTM=
github.com/yonomesh/cobra v0.0.2 h1:bk2p+NDJD2zmSaydL63ZEZoBYqiLY4yp3YLdpwJ5lJw=
github.com/yonomesh/cobra v0.0.2/go.mod h1:c/aUjZNP8NfLcPPcvbNJ/edZh8cZVvOxHfAncYQvxks=
github.com/yonomesh/dns v0.0.1 h1:0hGXN40mbhHS3dlsXFWslN5gnIE5kseH7g5xF48756o=
github.com/yonomesh/dns v0.0.1/go.mod h1:FNHJVVjvsfaE6EVd0/Atm4vnGc49mHgTe6Jy7cd0LRA=
github.com/yonomesh/pflag v0.0.1 h1:txQhU3w3OFj9qs8j10z1eMzlzG7AV9i4QE0w48n+u5w=
github.com/yonomesh/pflag v0.0.1/go.mod h1:BL67B3m7qCSEfqdI+kf8I5hpqjMg1oZR/7zindqpXzg=
go.yaml.in/yaml/v3 v3.0.4/go.mod h1:DhzuOOF2ATzADvBadXxruRBLzYTpT36CKvDb3+aBEFg=
golang.org/x/mod v0.30.0 h1:fDEXFVZ/fmCKProc/yAXXUijritrDzahmwwefnjoPFk=
golang.org/x/mod v0.30.0/go.mod h1:lAsf5O2EvJeSFMiBxXDki7sCgAxEUcZHXoXMKT4GJKc=
golang.org/x/net v0.47.0 h1:Mx+4dIFzqraBXUugkia1OOvlD6LemFo1ALMHjrXDOhY=
golang.org/x/net v0.47.0/go.mod h1:/jNxtkgq5yWUGYkaZGqo27cfGZ1c5Nen03aYrrKpVRU=
golang.org/x/sync v0.18.0 h1:kr88TuHDroi+UVf+0hZnirlk8o8T+4MrK6mr60WkH/I=
golang.org/x/sync v0.18.0/go.mod h1:9KTHXmSnoGruLpwFjVSX0lNNA75CykiMECbovNTZqGI=
golang.org/x/sys v0.38.0 h1:3yZWxaJjBmCWXqhN1qh02AkOnCQ1poK6oF+a7xWL6Gc=
golang.org/x/sys v0.38.0/go.mod h1:OgkHotnGiDImocRcuBABYBEXf8A9a87e/uXjp9XT3ks=
golang.org/x/tools v0.39.0 h1:ik4ho21kwuQln40uelmciQPp9SipgNDdrafrYA4TmQQ=
golang.org/x/tools v0.39.0/go.mod h1:JnefbkDPyD8UU2kI5fuf8ZX4/yUeh9W877ZeBONxUqQ=
gopkg.in/check.v1 v0.0.0-20161208181325-20d25e280405/go.mod h1:Co6ibVJAznAaIkqp8huTwlJQCZ016jof/cbN4VW5Yz0=
